
Microsoft Visual Studio Solution File, Format Version 12.00
# Visual Studio 15
VisualStudioVersion = 15.0.28307.902
MinimumVisualStudioVersion = 10.0.40219.1
Project("{FAE04EC0-301F-11D3-BF4B-00C04F79EFBC}") = "SkillTradingFunctions", "SkillTradingFunctions\SkillTradingFunctions.csproj", "{55FD8A20-F7E3-4F5E-9CA9-1FD28525AB13}"
EndProject
Global
	GlobalSection(SolutionConfigurationPlatforms) = preSolution
		Debug|Any CPU = Debug|Any CPU
		Release|Any CPU = Release|Any CPU
	EndGlobalSection
	GlobalSection(ProjectConfigurationPlatforms) = postSolution
		{55FD8A20-F7E3-4F5E-9CA9-1FD28525AB13}.Debug|Any CPU.ActiveCfg = Debug|Any CPU
		{55FD8A20-F7E3-4F5E-9CA9-1FD28525AB13}.Debug|Any CPU.Build.0 = Debug|Any CPU
		{55FD8A20-F7E3-4F5E-9CA9-1FD28525AB13}.Release|Any CPU.ActiveCfg = Release|Any CPU
		{55FD8A20-F7E3-4F5E-9CA9-1FD28525AB13}.Release|Any CPU.Build.0 = Release|Any CPU
	EndGlobalSection
	GlobalSection(SolutionProperties) = preSolution
		HideSolutionNode = FALSE
	EndGlobalSection
	GlobalSection(ExtensibilityGlobals) = postSolution
		SolutionGuid = {E936114A-D559-436F-994F-E5F7F410CA12}
	EndGlobalSection
EndGlobal
